
Microsoft Visual Studio Solution File, Format Version 12.00
# Visual Studio Version 17
VisualStudioVersion = 17.0.31912.275
MinimumVisualStudioVersion = 15.0.26124.0
Project("{2150E333-8FDC-42A3-9474-1A3956D46DE8}") = "Solution Items", "Solution Items", "{D2200E3D-74EF-46B0-90B8-A2042FDA416F}"
	ProjectSection(SolutionItems) = preProject
		Directory.Build.local.props = Directory.Build.local.props
		Directory.Build.props = Directory.Build.props
	EndProjectSection
EndProject
Project("{2150E333-8FDC-42A3-9474-1A3956D46DE8}") = "Client.TypeScript", "Client.TypeScript", "{6425AC08-57C0-4453-A78A-537E9514CE7B}"
EndProject
Project("{2150E333-8FDC-42A3-9474-1A3956D46DE8}") = "lib", "lib", "{AAC9998B-F9AF-4096-92CB-81914E85BE56}"
EndProject
Project("{54A90642-561A-4BB1-A94E-469ADEE60C69}") = "npm-typescript-rxjs", "generators\typescript-rxjs\npm\npm-typescript-rxjs.csproj", "{9CEDCF56-A7B6-4D20-9D1E-900AB7C56968}"
EndProject
Project("{2150E333-8FDC-42A3-9474-1A3956D46DE8}") = "Testing.TypeScript", "Testing.TypeScript", "{760C5E9A-630B-4C50-B08B-04B74C02E631}"
EndProject
Project("{54A90642-561A-4BB1-A94E-469ADEE60C69}") = "npm-typescript-msw", "generators\typescript-msw\npm\npm-typescript-msw.csproj", "{0D47BBFB-35A8-4EE9-9D46-84A73BDF2C7E}"
EndProject
Project("{54A90642-561A-4BB1-A94E-469ADEE60C69}") = "npm-typescript-fetch", "generators\typescript-fetch\npm-typescript-fetch.csproj", "{B3B027A0-8911-4EBC-AEBC-85420F7E5F34}"
EndProject
Project("{9A19103F-16F7-4668-BE54-9A1E7A4F7556}") = "OpenApi.Transformations.Test", "lib\OpenApi.Transformations.Test\OpenApi.Transformations.Test.csproj", "{3E05CC19-276A-4813-96BA-C13A70DBCCE8}"
EndProject
Project("{2150E333-8FDC-42A3-9474-1A3956D46DE8}") = "OpenApiCodegen.Client.TypeScript.Test", "OpenApiCodegen.Client.TypeScript.Test", "{92C4D8A8-9406-4E16-9C7B-B2F097AAE585}"
EndProject
Project("{9A19103F-16F7-4668-BE54-9A1E7A4F7556}") = "OpenApiCodegen.Client.TypeScript.TestProject", "lib\OpenApiCodegen.Client.TypeScript.Test\testing\OpenApiCodegen.Client.TypeScript.TestProject.csproj", "{197DEECA-6BD6-49FB-BA0B-B19A172819A4}"
EndProject
Project("{2150E333-8FDC-42A3-9474-1A3956D46DE8}") = "generators", "generators", "{E1F51D46-DB3D-4E9E-BF40-9DA215001E71}"
EndProject
Project("{9A19103F-16F7-4668-BE54-9A1E7A4F7556}") = "TestApp.Test", "lib\TestApp.Test\TestApp.Test.csproj", "{6FFF1C5B-597D-4E65-A90C-074CC44F70C3}"
EndProject
Project("{9A19103F-16F7-4668-BE54-9A1E7A4F7556}") = "OpenApiCodegen", "lib\OpenApiCodegen\OpenApiCodegen.csproj", "{BDCCEC47-6541-497D-8160-681E06E9F696}"
EndProject
Project("{9A19103F-16F7-4668-BE54-9A1E7A4F7556}") = "OpenApiCodegen.Server.Mvc.Test", "lib\OpenApiCodegen.Server.Mvc.Test\OpenApiCodegen.Server.Mvc.Test.csproj", "{FF5B3B72-C0ED-4128-9294-E77A9953637A}"
EndProject
Project("{2150E333-8FDC-42A3-9474-1A3956D46DE8}") = "typescript", "typescript", "{73D36E56-44DA-40D6-9A88-F6DC342EDEF8}"
EndProject
Project("{9A19103F-16F7-4668-BE54-9A1E7A4F7556}") = "OpenApiCodegen.Client.TypeScript", "generators\typescript\OpenApiCodegen.Client.TypeScript\OpenApiCodegen.Client.TypeScript.csproj", "{D8E411EC-80C1-4A13-B48D-33237E0B84DF}"
EndProject
Project("{9A19103F-16F7-4668-BE54-9A1E7A4F7556}") = "OpenApiCodegen.Client.CSharp.Test", "lib\OpenApiCodegen.Client.CSharp.Test\OpenApiCodegen.Client.CSharp.Test.csproj", "{09D0AF36-09AB-418D-BBA2-3915AE853BD7}"
EndProject
Project("{9A19103F-16F7-4668-BE54-9A1E7A4F7556}") = "OpenApiCodegen.Json.Extensions", "lib\OpenApiCodegen.Json.Extensions\OpenApiCodegen.Json.Extensions.csproj", "{0646CEFE-3B71-42AE-AA86-25F2AF980300}"
EndProject
Project("{9A19103F-16F7-4668-BE54-9A1E7A4F7556}") = "OpenApiCodegen.TestUtils", "lib\OpenApiCodegen.TestUtils\OpenApiCodegen.TestUtils.csproj", "{EA45C409-74C2-4C95-9F98-EDF3F66213A1}"
EndProject
Project("{9A19103F-16F7-4668-BE54-9A1E7A4F7556}") = "OpenApi.Transformations", "lib\OpenApi.Transformations\OpenApi.Transformations.csproj", "{B624670F-36F9-4647-B607-2450B696860F}"
EndProject
Project("{9A19103F-16F7-4668-BE54-9A1E7A4F7556}") = "OpenApi.CSharp", "lib\OpenApi.CSharp\OpenApi.CSharp.csproj", "{92D317C2-8730-4295-9B18-4C6D52603C24}"
EndProject
Project("{9A19103F-16F7-4668-BE54-9A1E7A4F7556}") = "OpenApi.TypeScript", "lib\OpenApi.TypeScript\OpenApi.TypeScript.csproj", "{1A34DB62-2B58-4AB6-96BD-37B0A8DCB2DE}"
EndProject
Project("{9A19103F-16F7-4668-BE54-9A1E7A4F7556}") = "OpenApiCodegen.JsonExtensions.Test", "lib\OpenApiCodegen.Json.Extensions.Test\OpenApiCodegen.JsonExtensions.Test.csproj", "{3D4515E9-5055-4D5C-9287-1BEB921705AD}"
EndProject
Project("{9A19103F-16F7-4668-BE54-9A1E7A4F7556}") = "OpenApiCodegen.Server.Mvc.TestApp", "lib\TestApp\OpenApiCodegen.Server.Mvc.TestApp.csproj", "{FA89866E-ADF1-4336-9632-821A69EA52C9}"
EndProject
Project("{9A19103F-16F7-4668-BE54-9A1E7A4F7556}") = "npm-typescript", "generators\typescript\npm\npm-typescript.csproj", "{7EB2F9C9-8B94-438F-9721-6176A03F087E}"
EndProject
Project("{9A19103F-16F7-4668-BE54-9A1E7A4F7556}") = "OpenApiCodegen.Server.Mvc.TestApp.Bad", "lib\TestApp.Bad\OpenApiCodegen.Server.Mvc.TestApp.Bad.csproj", "{C6137D34-5716-4900-8C0F-7F96CDE51C68}"
EndProject
Project("{9A19103F-16F7-4668-BE54-9A1E7A4F7556}") = "Json.Specifications", "lib\Json.Specifications\Json.Specifications.csproj", "{5EDE63DC-9910-4AD5-864D-9A002FD7B7C3}"
EndProject
Project("{9A19103F-16F7-4668-BE54-9A1E7A4F7556}") = "OpenApi.Abstractions", "lib\OpenApi.Abstractions\OpenApi.Abstractions.csproj", "{65511D18-D7B4-4D84-A8B9-63599A60D76E}"
EndProject
Project("{9A19103F-16F7-4668-BE54-9A1E7A4F7556}") = "OpenApi.Specifications.v3_0", "lib\OpenApi.Specifications.v3_0\OpenApi.Specifications.v3_0.csproj", "{8CB77FE4-B08B-4F2A-82D8-DC575F1F7824}"
EndProject
Project("{9A19103F-16F7-4668-BE54-9A1E7A4F7556}") = "Json.Loaders", "lib\Json.Loaders\Json.Loaders.csproj", "{913FDC5E-59AA-40C7-A4A5-3E50B9BAC2A9}"
EndProject
Project("{9A19103F-16F7-4668-BE54-9A1E7A4F7556}") = "OpenApiCodegen.Handlebars", "lib\OpenApiCodegen.Handlebars\OpenApiCodegen.Handlebars.csproj", "{C05680A3-6B66-44CC-922D-752028760299}"
EndProject
Project("{9A19103F-16F7-4668-BE54-9A1E7A4F7556}") = "SourceGenerators.Test", "generators\SourceGenerators.Test\SourceGenerators.Test.csproj", "{5EC4829F-BD80-4D88-8E26-FEC67D99E767}"
EndProject
Project("{2150E333-8FDC-42A3-9474-1A3956D46DE8}") = "csharp", "csharp", "{07B66E35-C220-46AA-A168-B1E8C1B75AAA}"
EndProject
Project("{9A19103F-16F7-4668-BE54-9A1E7A4F7556}") = "OpenApiCodegen.CSharp", "generators\csharp\OpenApiCodegen.CSharp\OpenApiCodegen.CSharp.csproj", "{59EDC85C-A9E3-49EC-866F-44B95E3C8FDA}"
EndProject
Project("{9A19103F-16F7-4668-BE54-9A1E7A4F7556}") = "OpenApiCodegen.CSharp.Roslyn3.11", "generators\csharp\OpenApiCodegen.CSharp.Analyzers\OpenApiCodegen.CSharp.Roslyn3.11.csproj", "{5B09D453-C349-4BDE-89B6-0172E3FDEDA1}"
EndProject
Project("{9A19103F-16F7-4668-BE54-9A1E7A4F7556}") = "OpenApiCodegen.CSharp.Roslyn4.0", "generators\csharp\OpenApiCodegen.CSharp.Analyzers\OpenApiCodegen.CSharp.Roslyn4.0.csproj", "{2A1C66DA-35A1-4FF3-A386-D8A309F6761E}"
EndProject
Project("{9A19103F-16F7-4668-BE54-9A1E7A4F7556}") = "OpenApiCodegen.CSharp.Roslyn4.1", "generators\csharp\OpenApiCodegen.CSharp.Analyzers\OpenApiCodegen.CSharp.Roslyn4.1.csproj", "{45CB5F49-54B4-4E1A-B0CD-57A1FCD744E1}"
EndProject
Project("{9A19103F-16F7-4668-BE54-9A1E7A4F7556}") = "OpenApiCodegen.CSharp.Base", "generators\csharp\OpenApiCodegen.CSharp.Base\OpenApiCodegen.CSharp.Base.csproj", "{D35DB74F-4C04-46DC-8E3A-EFBCF42121D6}"
EndProject
Project("{FAE04EC0-301F-11D3-BF4B-00C04F79EFBC}") = "TestApp.MinimalApis", "lib\TestApp.MinimalApis\TestApp.MinimalApis.csproj", "{89BD10C2-13E5-47C4-90D5-D48C8FE20114}"
EndProject
Global
	GlobalSection(SolutionConfigurationPlatforms) = preSolution
		Debug|Any CPU = Debug|Any CPU
		Debug|x64 = Debug|x64
		Debug|x86 = Debug|x86
		Release|Any CPU = Release|Any CPU
		Release|x64 = Release|x64
		Release|x86 = Release|x86
	EndGlobalSection
	GlobalSection(ProjectConfigurationPlatforms) = postSolution
		{9CEDCF56-A7B6-4D20-9D1E-900AB7C56968}.Debug|Any CPU.ActiveCfg = Debug|Any CPU
		{9CEDCF56-A7B6-4D20-9D1E-900AB7C56968}.Debug|Any CPU.Build.0 = Debug|Any CPU
		{9CEDCF56-A7B6-4D20-9D1E-900AB7C56968}.Debug|x64.ActiveCfg = Debug|Any CPU
		{9CEDCF56-A7B6-4D20-9D1E-900AB7C56968}.Debug|x64.Build.0 = Debug|Any CPU
		{9CEDCF56-A7B6-4D20-9D1E-900AB7C56968}.Debug|x86.ActiveCfg = Debug|Any CPU
		{9CEDCF56-A7B6-4D20-9D1E-900AB7C56968}.Debug|x86.Build.0 = Debug|Any CPU
		{9CEDCF56-A7B6-4D20-9D1E-900AB7C56968}.Release|Any CPU.ActiveCfg = Release|Any CPU
		{9CEDCF56-A7B6-4D20-9D1E-900AB7C56968}.Release|Any CPU.Build.0 = Release|Any CPU
		{9CEDCF56-A7B6-4D20-9D1E-900AB7C56968}.Release|x64.ActiveCfg = Release|Any CPU
		{9CEDCF56-A7B6-4D20-9D1E-900AB7C56968}.Release|x64.Build.0 = Release|Any CPU
		{9CEDCF56-A7B6-4D20-9D1E-900AB7C56968}.Release|x86.ActiveCfg = Release|Any CPU
		{9CEDCF56-A7B6-4D20-9D1E-900AB7C56968}.Release|x86.Build.0 = Release|Any CPU
		{0D47BBFB-35A8-4EE9-9D46-84A73BDF2C7E}.Debug|Any CPU.ActiveCfg = Debug|Any CPU
		{0D47BBFB-35A8-4EE9-9D46-84A73BDF2C7E}.Debug|Any CPU.Build.0 = Debug|Any CPU
		{0D47BBFB-35A8-4EE9-9D46-84A73BDF2C7E}.Debug|x64.ActiveCfg = Debug|Any CPU
		{0D47BBFB-35A8-4EE9-9D46-84A73BDF2C7E}.Debug|x64.Build.0 = Debug|Any CPU
		{0D47BBFB-35A8-4EE9-9D46-84A73BDF2C7E}.Debug|x86.ActiveCfg = Debug|Any CPU
		{0D47BBFB-35A8-4EE9-9D46-84A73BDF2C7E}.Debug|x86.Build.0 = Debug|Any CPU
		{0D47BBFB-35A8-4EE9-9D46-84A73BDF2C7E}.Release|Any CPU.ActiveCfg = Release|Any CPU
		{0D47BBFB-35A8-4EE9-9D46-84A73BDF2C7E}.Release|Any CPU.Build.0 = Release|Any CPU
		{0D47BBFB-35A8-4EE9-9D46-84A73BDF2C7E}.Release|x64.ActiveCfg = Release|Any CPU
		{0D47BBFB-35A8-4EE9-9D46-84A73BDF2C7E}.Release|x64.Build.0 = Release|Any CPU
		{0D47BBFB-35A8-4EE9-9D46-84A73BDF2C7E}.Release|x86.ActiveCfg = Release|Any CPU
		{0D47BBFB-35A8-4EE9-9D46-84A73BDF2C7E}.Release|x86.Build.0 = Release|Any CPU
		{B3B027A0-8911-4EBC-AEBC-85420F7E5F34}.Debug|Any CPU.ActiveCfg = Debug|Any CPU
		{B3B027A0-8911-4EBC-AEBC-85420F7E5F34}.Debug|Any CPU.Build.0 = Debug|Any CPU
		{B3B027A0-8911-4EBC-AEBC-85420F7E5F34}.Debug|x64.ActiveCfg = Debug|Any CPU
		{B3B027A0-8911-4EBC-AEBC-85420F7E5F34}.Debug|x64.Build.0 = Debug|Any CPU
		{B3B027A0-8911-4EBC-AEBC-85420F7E5F34}.Debug|x86.ActiveCfg = Debug|Any CPU
		{B3B027A0-8911-4EBC-AEBC-85420F7E5F34}.Debug|x86.Build.0 = Debug|Any CPU
		{B3B027A0-8911-4EBC-AEBC-85420F7E5F34}.Release|Any CPU.ActiveCfg = Release|Any CPU
		{B3B027A0-8911-4EBC-AEBC-85420F7E5F34}.Release|Any CPU.Build.0 = Release|Any CPU
		{B3B027A0-8911-4EBC-AEBC-85420F7E5F34}.Release|x64.ActiveCfg = Release|Any CPU
		{B3B027A0-8911-4EBC-AEBC-85420F7E5F34}.Release|x64.Build.0 = Release|Any CPU
		{B3B027A0-8911-4EBC-AEBC-85420F7E5F34}.Release|x86.ActiveCfg = Release|Any CPU
		{B3B027A0-8911-4EBC-AEBC-85420F7E5F34}.Release|x86.Build.0 = Release|Any CPU
		{3E05CC19-276A-4813-96BA-C13A70DBCCE8}.Debug|Any CPU.ActiveCfg = Debug|Any CPU
		{3E05CC19-276A-4813-96BA-C13A70DBCCE8}.Debug|Any CPU.Build.0 = Debug|Any CPU
		{3E05CC19-276A-4813-96BA-C13A70DBCCE8}.Debug|x64.ActiveCfg = Debug|Any CPU
		{3E05CC19-276A-4813-96BA-C13A70DBCCE8}.Debug|x64.Build.0 = Debug|Any CPU
		{3E05CC19-276A-4813-96BA-C13A70DBCCE8}.Debug|x86.ActiveCfg = Debug|Any CPU
		{3E05CC19-276A-4813-96BA-C13A70DBCCE8}.Debug|x86.Build.0 = Debug|Any CPU
		{3E05CC19-276A-4813-96BA-C13A70DBCCE8}.Release|Any CPU.ActiveCfg = Release|Any CPU
		{3E05CC19-276A-4813-96BA-C13A70DBCCE8}.Release|Any CPU.Build.0 = Release|Any CPU
		{3E05CC19-276A-4813-96BA-C13A70DBCCE8}.Release|x64.ActiveCfg = Release|Any CPU
		{3E05CC19-276A-4813-96BA-C13A70DBCCE8}.Release|x64.Build.0 = Release|Any CPU
		{3E05CC19-276A-4813-96BA-C13A70DBCCE8}.Release|x86.ActiveCfg = Release|Any CPU
		{3E05CC19-276A-4813-96BA-C13A70DBCCE8}.Release|x86.Build.0 = Release|Any CPU
		{197DEECA-6BD6-49FB-BA0B-B19A172819A4}.Debug|Any CPU.ActiveCfg = Debug|Any CPU
		{197DEECA-6BD6-49FB-BA0B-B19A172819A4}.Debug|Any CPU.Build.0 = Debug|Any CPU
		{197DEECA-6BD6-49FB-BA0B-B19A172819A4}.Debug|x64.ActiveCfg = Debug|Any CPU
		{197DEECA-6BD6-49FB-BA0B-B19A172819A4}.Debug|x64.Build.0 = Debug|Any CPU
		{197DEECA-6BD6-49FB-BA0B-B19A172819A4}.Debug|x86.ActiveCfg = Debug|Any CPU
		{197DEECA-6BD6-49FB-BA0B-B19A172819A4}.Debug|x86.Build.0 = Debug|Any CPU
		{197DEECA-6BD6-49FB-BA0B-B19A172819A4}.Release|Any CPU.ActiveCfg = Release|Any CPU
		{197DEECA-6BD6-49FB-BA0B-B19A172819A4}.Release|Any CPU.Build.0 = Release|Any CPU
		{197DEECA-6BD6-49FB-BA0B-B19A172819A4}.Release|x64.ActiveCfg = Release|Any CPU
		{197DEECA-6BD6-49FB-BA0B-B19A172819A4}.Release|x64.Build.0 = Release|Any CPU
		{197DEECA-6BD6-49FB-BA0B-B19A172819A4}.Release|x86.ActiveCfg = Release|Any CPU
		{197DEECA-6BD6-49FB-BA0B-B19A172819A4}.Release|x86.Build.0 = Release|Any CPU
		{6FFF1C5B-597D-4E65-A90C-074CC44F70C3}.Debug|Any CPU.ActiveCfg = Debug|Any CPU
		{6FFF1C5B-597D-4E65-A90C-074CC44F70C3}.Debug|Any CPU.Build.0 = Debug|Any CPU
		{6FFF1C5B-597D-4E65-A90C-074CC44F70C3}.Debug|x64.ActiveCfg = Debug|Any CPU
		{6FFF1C5B-597D-4E65-A90C-074CC44F70C3}.Debug|x64.Build.0 = Debug|Any CPU
		{6FFF1C5B-597D-4E65-A90C-074CC44F70C3}.Debug|x86.ActiveCfg = Debug|Any CPU
		{6FFF1C5B-597D-4E65-A90C-074CC44F70C3}.Debug|x86.Build.0 = Debug|Any CPU
		{6FFF1C5B-597D-4E65-A90C-074CC44F70C3}.Release|Any CPU.ActiveCfg = Release|Any CPU
		{6FFF1C5B-597D-4E65-A90C-074CC44F70C3}.Release|Any CPU.Build.0 = Release|Any CPU
		{6FFF1C5B-597D-4E65-A90C-074CC44F70C3}.Release|x64.ActiveCfg = Release|Any CPU
		{6FFF1C5B-597D-4E65-A90C-074CC44F70C3}.Release|x64.Build.0 = Release|Any CPU
		{6FFF1C5B-597D-4E65-A90C-074CC44F70C3}.Release|x86.ActiveCfg = Release|Any CPU
		{6FFF1C5B-597D-4E65-A90C-074CC44F70C3}.Release|x86.Build.0 = Release|Any CPU
		{BDCCEC47-6541-497D-8160-681E06E9F696}.Debug|Any CPU.ActiveCfg = Debug|Any CPU
		{BDCCEC47-6541-497D-8160-681E06E9F696}.Debug|Any CPU.Build.0 = Debug|Any CPU
		{BDCCEC47-6541-497D-8160-681E06E9F696}.Debug|x64.ActiveCfg = Debug|Any CPU
		{BDCCEC47-6541-497D-8160-681E06E9F696}.Debug|x64.Build.0 = Debug|Any CPU
		{BDCCEC47-6541-497D-8160-681E06E9F696}.Debug|x86.ActiveCfg = Debug|Any CPU
		{BDCCEC47-6541-497D-8160-681E06E9F696}.Debug|x86.Build.0 = Debug|Any CPU
		{BDCCEC47-6541-497D-8160-681E06E9F696}.Release|Any CPU.ActiveCfg = Release|Any CPU
		{BDCCEC47-6541-497D-8160-681E06E9F696}.Release|Any CPU.Build.0 = Release|Any CPU
		{BDCCEC47-6541-497D-8160-681E06E9F696}.Release|x64.ActiveCfg = Release|Any CPU
		{BDCCEC47-6541-497D-8160-681E06E9F696}.Release|x64.Build.0 = Release|Any CPU
		{BDCCEC47-6541-497D-8160-681E06E9F696}.Release|x86.ActiveCfg = Release|Any CPU
		{BDCCEC47-6541-497D-8160-681E06E9F696}.Release|x86.Build.0 = Release|Any CPU
		{FF5B3B72-C0ED-4128-9294-E77A9953637A}.Debug|Any CPU.ActiveCfg = Debug|Any CPU
		{FF5B3B72-C0ED-4128-9294-E77A9953637A}.Debug|Any CPU.Build.0 = Debug|Any CPU
		{FF5B3B72-C0ED-4128-9294-E77A9953637A}.Debug|x64.ActiveCfg = Debug|Any CPU
		{FF5B3B72-C0ED-4128-9294-E77A9953637A}.Debug|x64.Build.0 = Debug|Any CPU
		{FF5B3B72-C0ED-4128-9294-E77A9953637A}.Debug|x86.ActiveCfg = Debug|Any CPU
		{FF5B3B72-C0ED-4128-9294-E77A9953637A}.Debug|x86.Build.0 = Debug|Any CPU
		{FF5B3B72-C0ED-4128-9294-E77A9953637A}.Release|Any CPU.ActiveCfg = Release|Any CPU
		{FF5B3B72-C0ED-4128-9294-E77A9953637A}.Release|Any CPU.Build.0 = Release|Any CPU
		{FF5B3B72-C0ED-4128-9294-E77A9953637A}.Release|x64.ActiveCfg = Release|Any CPU
		{FF5B3B72-C0ED-4128-9294-E77A9953637A}.Release|x64.Build.0 = Release|Any CPU
		{FF5B3B72-C0ED-4128-9294-E77A9953637A}.Release|x86.ActiveCfg = Release|Any CPU
		{FF5B3B72-C0ED-4128-9294-E77A9953637A}.Release|x86.Build.0 = Release|Any CPU
		{D8E411EC-80C1-4A13-B48D-33237E0B84DF}.Debug|Any CPU.ActiveCfg = Debug|Any CPU
		{D8E411EC-80C1-4A13-B48D-33237E0B84DF}.Debug|Any CPU.Build.0 = Debug|Any CPU
		{D8E411EC-80C1-4A13-B48D-33237E0B84DF}.Debug|x64.ActiveCfg = Debug|Any CPU
		{D8E411EC-80C1-4A13-B48D-33237E0B84DF}.Debug|x64.Build.0 = Debug|Any CPU
		{D8E411EC-80C1-4A13-B48D-33237E0B84DF}.Debug|x86.ActiveCfg = Debug|Any CPU
		{D8E411EC-80C1-4A13-B48D-33237E0B84DF}.Debug|x86.Build.0 = Debug|Any CPU
		{D8E411EC-80C1-4A13-B48D-33237E0B84DF}.Release|Any CPU.ActiveCfg = Release|Any CPU
		{D8E411EC-80C1-4A13-B48D-33237E0B84DF}.Release|Any CPU.Build.0 = Release|Any CPU
		{D8E411EC-80C1-4A13-B48D-33237E0B84DF}.Release|x64.ActiveCfg = Release|Any CPU
		{D8E411EC-80C1-4A13-B48D-33237E0B84DF}.Release|x64.Build.0 = Release|Any CPU
		{D8E411EC-80C1-4A13-B48D-33237E0B84DF}.Release|x86.ActiveCfg = Release|Any CPU
		{D8E411EC-80C1-4A13-B48D-33237E0B84DF}.Release|x86.Build.0 = Release|Any CPU
		{09D0AF36-09AB-418D-BBA2-3915AE853BD7}.Debug|Any CPU.ActiveCfg = Debug|Any CPU
		{09D0AF36-09AB-418D-BBA2-3915AE853BD7}.Debug|Any CPU.Build.0 = Debug|Any CPU
		{09D0AF36-09AB-418D-BBA2-3915AE853BD7}.Debug|x64.ActiveCfg = Debug|Any CPU
		{09D0AF36-09AB-418D-BBA2-3915AE853BD7}.Debug|x64.Build.0 = Debug|Any CPU
		{09D0AF36-09AB-418D-BBA2-3915AE853BD7}.Debug|x86.ActiveCfg = Debug|Any CPU
		{09D0AF36-09AB-418D-BBA2-3915AE853BD7}.Debug|x86.Build.0 = Debug|Any CPU
		{09D0AF36-09AB-418D-BBA2-3915AE853BD7}.Release|Any CPU.ActiveCfg = Release|Any CPU
		{09D0AF36-09AB-418D-BBA2-3915AE853BD7}.Release|Any CPU.Build.0 = Release|Any CPU
		{09D0AF36-09AB-418D-BBA2-3915AE853BD7}.Release|x64.ActiveCfg = Release|Any CPU
		{09D0AF36-09AB-418D-BBA2-3915AE853BD7}.Release|x64.Build.0 = Release|Any CPU
		{09D0AF36-09AB-418D-BBA2-3915AE853BD7}.Release|x86.ActiveCfg = Release|Any CPU
		{09D0AF36-09AB-418D-BBA2-3915AE853BD7}.Release|x86.Build.0 = Release|Any CPU
		{0646CEFE-3B71-42AE-AA86-25F2AF980300}.Debug|Any CPU.ActiveCfg = Debug|Any CPU
		{0646CEFE-3B71-42AE-AA86-25F2AF980300}.Debug|Any CPU.Build.0 = Debug|Any CPU
		{0646CEFE-3B71-42AE-AA86-25F2AF980300}.Debug|x64.ActiveCfg = Debug|Any CPU
		{0646CEFE-3B71-42AE-AA86-25F2AF980300}.Debug|x64.Build.0 = Debug|Any CPU
		{0646CEFE-3B71-42AE-AA86-25F2AF980300}.Debug|x86.ActiveCfg = Debug|Any CPU
		{0646CEFE-3B71-42AE-AA86-25F2AF980300}.Debug|x86.Build.0 = Debug|Any CPU
		{0646CEFE-3B71-42AE-AA86-25F2AF980300}.Release|Any CPU.ActiveCfg = Release|Any CPU
		{0646CEFE-3B71-42AE-AA86-25F2AF980300}.Release|Any CPU.Build.0 = Release|Any CPU
		{0646CEFE-3B71-42AE-AA86-25F2AF980300}.Release|x64.ActiveCfg = Release|Any CPU
		{0646CEFE-3B71-42AE-AA86-25F2AF980300}.Release|x64.Build.0 = Release|Any CPU
		{0646CEFE-3B71-42AE-AA86-25F2AF980300}.Release|x86.ActiveCfg = Release|Any CPU
		{0646CEFE-3B71-42AE-AA86-25F2AF980300}.Release|x86.Build.0 = Release|Any CPU
		{EA45C409-74C2-4C95-9F98-EDF3F66213A1}.Debug|Any CPU.ActiveCfg = Debug|Any CPU
		{EA45C409-74C2-4C95-9F98-EDF3F66213A1}.Debug|Any CPU.Build.0 = Debug|Any CPU
		{EA45C409-74C2-4C95-9F98-EDF3F66213A1}.Debug|x64.ActiveCfg = Debug|Any CPU
		{EA45C409-74C2-4C95-9F98-EDF3F66213A1}.Debug|x64.Build.0 = Debug|Any CPU
		{EA45C409-74C2-4C95-9F98-EDF3F66213A1}.Debug|x86.ActiveCfg = Debug|Any CPU
		{EA45C409-74C2-4C95-9F98-EDF3F66213A1}.Debug|x86.Build.0 = Debug|Any CPU
		{EA45C409-74C2-4C95-9F98-EDF3F66213A1}.Release|Any CPU.ActiveCfg = Release|Any CPU
		{EA45C409-74C2-4C95-9F98-EDF3F66213A1}.Release|Any CPU.Build.0 = Release|Any CPU
		{EA45C409-74C2-4C95-9F98-EDF3F66213A1}.Release|x64.ActiveCfg = Release|Any CPU
		{EA45C409-74C2-4C95-9F98-EDF3F66213A1}.Release|x64.Build.0 = Release|Any CPU
		{EA45C409-74C2-4C95-9F98-EDF3F66213A1}.Release|x86.ActiveCfg = Release|Any CPU
		{EA45C409-74C2-4C95-9F98-EDF3F66213A1}.Release|x86.Build.0 = Release|Any CPU
		{B624670F-36F9-4647-B607-2450B696860F}.Debug|Any CPU.ActiveCfg = Debug|Any CPU
		{B624670F-36F9-4647-B607-2450B696860F}.Debug|Any CPU.Build.0 = Debug|Any CPU
		{B624670F-36F9-4647-B607-2450B696860F}.Debug|x64.ActiveCfg = Debug|Any CPU
		{B624670F-36F9-4647-B607-2450B696860F}.Debug|x64.Build.0 = Debug|Any CPU
		{B624670F-36F9-4647-B607-2450B696860F}.Debug|x86.ActiveCfg = Debug|Any CPU
		{B624670F-36F9-4647-B607-2450B696860F}.Debug|x86.Build.0 = Debug|Any CPU
		{B624670F-36F9-4647-B607-2450B696860F}.Release|Any CPU.ActiveCfg = Release|Any CPU
		{B624670F-36F9-4647-B607-2450B696860F}.Release|Any CPU.Build.0 = Release|Any CPU
		{B624670F-36F9-4647-B607-2450B696860F}.Release|x64.ActiveCfg = Release|Any CPU
		{B624670F-36F9-4647-B607-2450B696860F}.Release|x64.Build.0 = Release|Any CPU
		{B624670F-36F9-4647-B607-2450B696860F}.Release|x86.ActiveCfg = Release|Any CPU
		{B624670F-36F9-4647-B607-2450B696860F}.Release|x86.Build.0 = Release|Any CPU
		{92D317C2-8730-4295-9B18-4C6D52603C24}.Debug|Any CPU.ActiveCfg = Debug|Any CPU
		{92D317C2-8730-4295-9B18-4C6D52603C24}.Debug|Any CPU.Build.0 = Debug|Any CPU
		{92D317C2-8730-4295-9B18-4C6D52603C24}.Debug|x64.ActiveCfg = Debug|Any CPU
		{92D317C2-8730-4295-9B18-4C6D52603C24}.Debug|x64.Build.0 = Debug|Any CPU
		{92D317C2-8730-4295-9B18-4C6D52603C24}.Debug|x86.ActiveCfg = Debug|Any CPU
		{92D317C2-8730-4295-9B18-4C6D52603C24}.Debug|x86.Build.0 = Debug|Any CPU
		{92D317C2-8730-4295-9B18-4C6D52603C24}.Release|Any CPU.ActiveCfg = Release|Any CPU
		{92D317C2-8730-4295-9B18-4C6D52603C24}.Release|Any CPU.Build.0 = Release|Any CPU
		{92D317C2-8730-4295-9B18-4C6D52603C24}.Release|x64.ActiveCfg = Release|Any CPU
		{92D317C2-8730-4295-9B18-4C6D52603C24}.Release|x64.Build.0 = Release|Any CPU
		{92D317C2-8730-4295-9B18-4C6D52603C24}.Release|x86.ActiveCfg = Release|Any CPU
		{92D317C2-8730-4295-9B18-4C6D52603C24}.Release|x86.Build.0 = Release|Any CPU
		{1A34DB62-2B58-4AB6-96BD-37B0A8DCB2DE}.Debug|Any CPU.ActiveCfg = Debug|Any CPU
		{1A34DB62-2B58-4AB6-96BD-37B0A8DCB2DE}.Debug|Any CPU.Build.0 = Debug|Any CPU
		{1A34DB62-2B58-4AB6-96BD-37B0A8DCB2DE}.Debug|x64.ActiveCfg = Debug|Any CPU
		{1A34DB62-2B58-4AB6-96BD-37B0A8DCB2DE}.Debug|x64.Build.0 = Debug|Any CPU
		{1A34DB62-2B58-4AB6-96BD-37B0A8DCB2DE}.Debug|x86.ActiveCfg = Debug|Any CPU
		{1A34DB62-2B58-4AB6-96BD-37B0A8DCB2DE}.Debug|x86.Build.0 = Debug|Any CPU
		{1A34DB62-2B58-4AB6-96BD-37B0A8DCB2DE}.Release|Any CPU.ActiveCfg = Release|Any CPU
		{1A34DB62-2B58-4AB6-96BD-37B0A8DCB2DE}.Release|Any CPU.Build.0 = Release|Any CPU
		{1A34DB62-2B58-4AB6-96BD-37B0A8DCB2DE}.Release|x64.ActiveCfg = Release|Any CPU
		{1A34DB62-2B58-4AB6-96BD-37B0A8DCB2DE}.Release|x64.Build.0 = Release|Any CPU
		{1A34DB62-2B58-4AB6-96BD-37B0A8DCB2DE}.Release|x86.ActiveCfg = Release|Any CPU
		{1A34DB62-2B58-4AB6-96BD-37B0A8DCB2DE}.Release|x86.Build.0 = Release|Any CPU
		{3D4515E9-5055-4D5C-9287-1BEB921705AD}.Debug|Any CPU.ActiveCfg = Debug|Any CPU
		{3D4515E9-5055-4D5C-9287-1BEB921705AD}.Debug|Any CPU.Build.0 = Debug|Any CPU
		{3D4515E9-5055-4D5C-9287-1BEB921705AD}.Debug|x64.ActiveCfg = Debug|Any CPU
		{3D4515E9-5055-4D5C-9287-1BEB921705AD}.Debug|x64.Build.0 = Debug|Any CPU
		{3D4515E9-5055-4D5C-9287-1BEB921705AD}.Debug|x86.ActiveCfg = Debug|Any CPU
		{3D4515E9-5055-4D5C-9287-1BEB921705AD}.Debug|x86.Build.0 = Debug|Any CPU
		{3D4515E9-5055-4D5C-9287-1BEB921705AD}.Release|Any CPU.ActiveCfg = Release|Any CPU
		{3D4515E9-5055-4D5C-9287-1BEB921705AD}.Release|Any CPU.Build.0 = Release|Any CPU
		{3D4515E9-5055-4D5C-9287-1BEB921705AD}.Release|x64.ActiveCfg = Release|Any CPU
		{3D4515E9-5055-4D5C-9287-1BEB921705AD}.Release|x64.Build.0 = Release|Any CPU
		{3D4515E9-5055-4D5C-9287-1BEB921705AD}.Release|x86.ActiveCfg = Release|Any CPU
		{3D4515E9-5055-4D5C-9287-1BEB921705AD}.Release|x86.Build.0 = Release|Any CPU
		{FA89866E-ADF1-4336-9632-821A69EA52C9}.Debug|Any CPU.ActiveCfg = Debug|Any CPU
		{FA89866E-ADF1-4336-9632-821A69EA52C9}.Debug|Any CPU.Build.0 = Debug|Any CPU
		{FA89866E-ADF1-4336-9632-821A69EA52C9}.Debug|x64.ActiveCfg = Debug|Any CPU
		{FA89866E-ADF1-4336-9632-821A69EA52C9}.Debug|x64.Build.0 = Debug|Any CPU
		{FA89866E-ADF1-4336-9632-821A69EA52C9}.Debug|x86.ActiveCfg = Debug|Any CPU
		{FA89866E-ADF1-4336-9632-821A69EA52C9}.Debug|x86.Build.0 = Debug|Any CPU
		{FA89866E-ADF1-4336-9632-821A69EA52C9}.Release|Any CPU.ActiveCfg = Release|Any CPU
		{FA89866E-ADF1-4336-9632-821A69EA52C9}.Release|Any CPU.Build.0 = Release|Any CPU
		{FA89866E-ADF1-4336-9632-821A69EA52C9}.Release|x64.ActiveCfg = Release|Any CPU
		{FA89866E-ADF1-4336-9632-821A69EA52C9}.Release|x64.Build.0 = Release|Any CPU
		{FA89866E-ADF1-4336-9632-821A69EA52C9}.Release|x86.ActiveCfg = Release|Any CPU
		{FA89866E-ADF1-4336-9632-821A69EA52C9}.Release|x86.Build.0 = Release|Any CPU
		{7EB2F9C9-8B94-438F-9721-6176A03F087E}.Debug|Any CPU.ActiveCfg = Debug|Any CPU
		{7EB2F9C9-8B94-438F-9721-6176A03F087E}.Debug|Any CPU.Build.0 = Debug|Any CPU
		{7EB2F9C9-8B94-438F-9721-6176A03F087E}.Debug|x64.ActiveCfg = Debug|Any CPU
		{7EB2F9C9-8B94-438F-9721-6176A03F087E}.Debug|x64.Build.0 = Debug|Any CPU
		{7EB2F9C9-8B94-438F-9721-6176A03F087E}.Debug|x86.ActiveCfg = Debug|Any CPU
		{7EB2F9C9-8B94-438F-9721-6176A03F087E}.Debug|x86.Build.0 = Debug|Any CPU
		{7EB2F9C9-8B94-438F-9721-6176A03F087E}.Release|Any CPU.ActiveCfg = Release|Any CPU
		{7EB2F9C9-8B94-438F-9721-6176A03F087E}.Release|Any CPU.Build.0 = Release|Any CPU
		{7EB2F9C9-8B94-438F-9721-6176A03F087E}.Release|x64.ActiveCfg = Release|Any CPU
		{7EB2F9C9-8B94-438F-9721-6176A03F087E}.Release|x64.Build.0 = Release|Any CPU
		{7EB2F9C9-8B94-438F-9721-6176A03F087E}.Release|x86.ActiveCfg = Release|Any CPU
		{7EB2F9C9-8B94-438F-9721-6176A03F087E}.Release|x86.Build.0 = Release|Any CPU
		{C6137D34-5716-4900-8C0F-7F96CDE51C68}.Debug|Any CPU.ActiveCfg = Debug|Any CPU
		{C6137D34-5716-4900-8C0F-7F96CDE51C68}.Debug|x64.ActiveCfg = Debug|Any CPU
		{C6137D34-5716-4900-8C0F-7F96CDE51C68}.Debug|x86.ActiveCfg = Debug|Any CPU
		{C6137D34-5716-4900-8C0F-7F96CDE51C68}.Release|Any CPU.ActiveCfg = Release|Any CPU
		{C6137D34-5716-4900-8C0F-7F96CDE51C68}.Release|x64.ActiveCfg = Release|Any CPU
		{C6137D34-5716-4900-8C0F-7F96CDE51C68}.Release|x86.ActiveCfg = Release|Any CPU
		{5EDE63DC-9910-4AD5-864D-9A002FD7B7C3}.Debug|Any CPU.ActiveCfg = Debug|Any CPU
		{5EDE63DC-9910-4AD5-864D-9A002FD7B7C3}.Debug|Any CPU.Build.0 = Debug|Any CPU
		{5EDE63DC-9910-4AD5-864D-9A002FD7B7C3}.Debug|x64.ActiveCfg = Debug|Any CPU
		{5EDE63DC-9910-4AD5-864D-9A002FD7B7C3}.Debug|x64.Build.0 = Debug|Any CPU
		{5EDE63DC-9910-4AD5-864D-9A002FD7B7C3}.Debug|x86.ActiveCfg = Debug|Any CPU
		{5EDE63DC-9910-4AD5-864D-9A002FD7B7C3}.Debug|x86.Build.0 = Debug|Any CPU
		{5EDE63DC-9910-4AD5-864D-9A002FD7B7C3}.Release|Any CPU.ActiveCfg = Release|Any CPU
		{5EDE63DC-9910-4AD5-864D-9A002FD7B7C3}.Release|Any CPU.Build.0 = Release|Any CPU
		{5EDE63DC-9910-4AD5-864D-9A002FD7B7C3}.Release|x64.ActiveCfg = Release|Any CPU
		{5EDE63DC-9910-4AD5-864D-9A002FD7B7C3}.Release|x64.Build.0 = Release|Any CPU
		{5EDE63DC-9910-4AD5-864D-9A002FD7B7C3}.Release|x86.ActiveCfg = Release|Any CPU
		{5EDE63DC-9910-4AD5-864D-9A002FD7B7C3}.Release|x86.Build.0 = Release|Any CPU
		{65511D18-D7B4-4D84-A8B9-63599A60D76E}.Debug|Any CPU.ActiveCfg = Debug|Any CPU
		{65511D18-D7B4-4D84-A8B9-63599A60D76E}.Debug|Any CPU.Build.0 = Debug|Any CPU
		{65511D18-D7B4-4D84-A8B9-63599A60D76E}.Debug|x64.ActiveCfg = Debug|Any CPU
		{65511D18-D7B4-4D84-A8B9-63599A60D76E}.Debug|x64.Build.0 = Debug|Any CPU
		{65511D18-D7B4-4D84-A8B9-63599A60D76E}.Debug|x86.ActiveCfg = Debug|Any CPU
		{65511D18-D7B4-4D84-A8B9-63599A60D76E}.Debug|x86.Build.0 = Debug|Any CPU
		{65511D18-D7B4-4D84-A8B9-63599A60D76E}.Release|Any CPU.ActiveCfg = Release|Any CPU
		{65511D18-D7B4-4D84-A8B9-63599A60D76E}.Release|Any CPU.Build.0 = Release|Any CPU
		{65511D18-D7B4-4D84-A8B9-63599A60D76E}.Release|x64.ActiveCfg = Release|Any CPU
		{65511D18-D7B4-4D84-A8B9-63599A60D76E}.Release|x64.Build.0 = Release|Any CPU
		{65511D18-D7B4-4D84-A8B9-63599A60D76E}.Release|x86.ActiveCfg = Release|Any CPU
		{65511D18-D7B4-4D84-A8B9-63599A60D76E}.Release|x86.Build.0 = Release|Any CPU
		{8CB77FE4-B08B-4F2A-82D8-DC575F1F7824}.Debug|Any CPU.ActiveCfg = Debug|Any CPU
		{8CB77FE4-B08B-4F2A-82D8-DC575F1F7824}.Debug|Any CPU.Build.0 = Debug|Any CPU
		{8CB77FE4-B08B-4F2A-82D8-DC575F1F7824}.Debug|x64.ActiveCfg = Debug|Any CPU
		{8CB77FE4-B08B-4F2A-82D8-DC575F1F7824}.Debug|x64.Build.0 = Debug|Any CPU
		{8CB77FE4-B08B-4F2A-82D8-DC575F1F7824}.Debug|x86.ActiveCfg = Debug|Any CPU
		{8CB77FE4-B08B-4F2A-82D8-DC575F1F7824}.Debug|x86.Build.0 = Debug|Any CPU
		{8CB77FE4-B08B-4F2A-82D8-DC575F1F7824}.Release|Any CPU.ActiveCfg = Release|Any CPU
		{8CB77FE4-B08B-4F2A-82D8-DC575F1F7824}.Release|Any CPU.Build.0 = Release|Any CPU
		{8CB77FE4-B08B-4F2A-82D8-DC575F1F7824}.Release|x64.ActiveCfg = Release|Any CPU
		{8CB77FE4-B08B-4F2A-82D8-DC575F1F7824}.Release|x64.Build.0 = Release|Any CPU
		{8CB77FE4-B08B-4F2A-82D8-DC575F1F7824}.Release|x86.ActiveCfg = Release|Any CPU
		{8CB77FE4-B08B-4F2A-82D8-DC575F1F7824}.Release|x86.Build.0 = Release|Any CPU
		{913FDC5E-59AA-40C7-A4A5-3E50B9BAC2A9}.Debug|Any CPU.ActiveCfg = Debug|Any CPU
		{913FDC5E-59AA-40C7-A4A5-3E50B9BAC2A9}.Debug|Any CPU.Build.0 = Debug|Any CPU
		{913FDC5E-59AA-40C7-A4A5-3E50B9BAC2A9}.Debug|x64.ActiveCfg = Debug|Any CPU
		{913FDC5E-59AA-40C7-A4A5-3E50B9BAC2A9}.Debug|x64.Build.0 = Debug|Any CPU
		{913FDC5E-59AA-40C7-A4A5-3E50B9BAC2A9}.Debug|x86.ActiveCfg = Debug|Any CPU
		{913FDC5E-59AA-40C7-A4A5-3E50B9BAC2A9}.Debug|x86.Build.0 = Debug|Any CPU
		{913FDC5E-59AA-40C7-A4A5-3E50B9BAC2A9}.Release|Any CPU.ActiveCfg = Release|Any CPU
		{913FDC5E-59AA-40C7-A4A5-3E50B9BAC2A9}.Release|Any CPU.Build.0 = Release|Any CPU
		{913FDC5E-59AA-40C7-A4A5-3E50B9BAC2A9}.Release|x64.ActiveCfg = Release|Any CPU
		{913FDC5E-59AA-40C7-A4A5-3E50B9BAC2A9}.Release|x64.Build.0 = Release|Any CPU
		{913FDC5E-59AA-40C7-A4A5-3E50B9BAC2A9}.Release|x86.ActiveCfg = Release|Any CPU
		{913FDC5E-59AA-40C7-A4A5-3E50B9BAC2A9}.Release|x86.Build.0 = Release|Any CPU
		{C05680A3-6B66-44CC-922D-752028760299}.Debug|Any CPU.ActiveCfg = Debug|Any CPU
		{C05680A3-6B66-44CC-922D-752028760299}.Debug|Any CPU.Build.0 = Debug|Any CPU
		{C05680A3-6B66-44CC-922D-752028760299}.Debug|x64.ActiveCfg = Debug|Any CPU
		{C05680A3-6B66-44CC-922D-752028760299}.Debug|x64.Build.0 = Debug|Any CPU
		{C05680A3-6B66-44CC-922D-752028760299}.Debug|x86.ActiveCfg = Debug|Any CPU
		{C05680A3-6B66-44CC-922D-752028760299}.Debug|x86.Build.0 = Debug|Any CPU
		{C05680A3-6B66-44CC-922D-752028760299}.Release|Any CPU.ActiveCfg = Release|Any CPU
		{C05680A3-6B66-44CC-922D-752028760299}.Release|Any CPU.Build.0 = Release|Any CPU
		{C05680A3-6B66-44CC-922D-752028760299}.Release|x64.ActiveCfg = Release|Any CPU
		{C05680A3-6B66-44CC-922D-752028760299}.Release|x64.Build.0 = Release|Any CPU
		{C05680A3-6B66-44CC-922D-752028760299}.Release|x86.ActiveCfg = Release|Any CPU
		{C05680A3-6B66-44CC-922D-752028760299}.Release|x86.Build.0 = Release|Any CPU
		{5EC4829F-BD80-4D88-8E26-FEC67D99E767}.Debug|Any CPU.ActiveCfg = Debug|Any CPU
		{5EC4829F-BD80-4D88-8E26-FEC67D99E767}.Debug|Any CPU.Build.0 = Debug|Any CPU
		{5EC4829F-BD80-4D88-8E26-FEC67D99E767}.Debug|x64.ActiveCfg = Debug|Any CPU
		{5EC4829F-BD80-4D88-8E26-FEC67D99E767}.Debug|x64.Build.0 = Debug|Any CPU
		{5EC4829F-BD80-4D88-8E26-FEC67D99E767}.Debug|x86.ActiveCfg = Debug|Any CPU
		{5EC4829F-BD80-4D88-8E26-FEC67D99E767}.Debug|x86.Build.0 = Debug|Any CPU
		{5EC4829F-BD80-4D88-8E26-FEC67D99E767}.Release|Any CPU.ActiveCfg = Release|Any CPU
		{5EC4829F-BD80-4D88-8E26-FEC67D99E767}.Release|Any CPU.Build.0 = Release|Any CPU
		{5EC4829F-BD80-4D88-8E26-FEC67D99E767}.Release|x64.ActiveCfg = Release|Any CPU
		{5EC4829F-BD80-4D88-8E26-FEC67D99E767}.Release|x64.Build.0 = Release|Any CPU
		{5EC4829F-BD80-4D88-8E26-FEC67D99E767}.Release|x86.ActiveCfg = Release|Any CPU
		{5EC4829F-BD80-4D88-8E26-FEC67D99E767}.Release|x86.Build.0 = Release|Any CPU
		{59EDC85C-A9E3-49EC-866F-44B95E3C8FDA}.Debug|Any CPU.ActiveCfg = Debug|Any CPU
		{59EDC85C-A9E3-49EC-866F-44B95E3C8FDA}.Debug|Any CPU.Build.0 = Debug|Any CPU
		{59EDC85C-A9E3-49EC-866F-44B95E3C8FDA}.Debug|x64.ActiveCfg = Debug|Any CPU
		{59EDC85C-A9E3-49EC-866F-44B95E3C8FDA}.Debug|x64.Build.0 = Debug|Any CPU
		{59EDC85C-A9E3-49EC-866F-44B95E3C8FDA}.Debug|x86.ActiveCfg = Debug|Any CPU
		{59EDC85C-A9E3-49EC-866F-44B95E3C8FDA}.Debug|x86.Build.0 = Debug|Any CPU
		{59EDC85C-A9E3-49EC-866F-44B95E3C8FDA}.Release|Any CPU.ActiveCfg = Release|Any CPU
		{59EDC85C-A9E3-49EC-866F-44B95E3C8FDA}.Release|Any CPU.Build.0 = Release|Any CPU
		{59EDC85C-A9E3-49EC-866F-44B95E3C8FDA}.Release|x64.ActiveCfg = Release|Any CPU
		{59EDC85C-A9E3-49EC-866F-44B95E3C8FDA}.Release|x64.Build.0 = Release|Any CPU
		{59EDC85C-A9E3-49EC-866F-44B95E3C8FDA}.Release|x86.ActiveCfg = Release|Any CPU
		{59EDC85C-A9E3-49EC-866F-44B95E3C8FDA}.Release|x86.Build.0 = Release|Any CPU
		{5B09D453-C349-4BDE-89B6-0172E3FDEDA1}.Debug|Any CPU.ActiveCfg = Debug|Any CPU
		{5B09D453-C349-4BDE-89B6-0172E3FDEDA1}.Debug|Any CPU.Build.0 = Debug|Any CPU
		{5B09D453-C349-4BDE-89B6-0172E3FDEDA1}.Debug|x64.ActiveCfg = Debug|Any CPU
		{5B09D453-C349-4BDE-89B6-0172E3FDEDA1}.Debug|x64.Build.0 = Debug|Any CPU
		{5B09D453-C349-4BDE-89B6-0172E3FDEDA1}.Debug|x86.ActiveCfg = Debug|Any CPU
		{5B09D453-C349-4BDE-89B6-0172E3FDEDA1}.Debug|x86.Build.0 = Debug|Any CPU
		{5B09D453-C349-4BDE-89B6-0172E3FDEDA1}.Release|Any CPU.ActiveCfg = Release|Any CPU
		{5B09D453-C349-4BDE-89B6-0172E3FDEDA1}.Release|Any CPU.Build.0 = Release|Any CPU
		{5B09D453-C349-4BDE-89B6-0172E3FDEDA1}.Release|x64.ActiveCfg = Release|Any CPU
		{5B09D453-C349-4BDE-89B6-0172E3FDEDA1}.Release|x64.Build.0 = Release|Any CPU
		{5B09D453-C349-4BDE-89B6-0172E3FDEDA1}.Release|x86.ActiveCfg = Release|Any CPU
		{5B09D453-C349-4BDE-89B6-0172E3FDEDA1}.Release|x86.Build.0 = Release|Any CPU
		{2A1C66DA-35A1-4FF3-A386-D8A309F6761E}.Debug|Any CPU.ActiveCfg = Debug|Any CPU
		{2A1C66DA-35A1-4FF3-A386-D8A309F6761E}.Debug|Any CPU.Build.0 = Debug|Any CPU
		{2A1C66DA-35A1-4FF3-A386-D8A309F6761E}.Debug|x64.ActiveCfg = Debug|Any CPU
		{2A1C66DA-35A1-4FF3-A386-D8A309F6761E}.Debug|x64.Build.0 = Debug|Any CPU
		{2A1C66DA-35A1-4FF3-A386-D8A309F6761E}.Debug|x86.ActiveCfg = Debug|Any CPU
		{2A1C66DA-35A1-4FF3-A386-D8A309F6761E}.Debug|x86.Build.0 = Debug|Any CPU
		{2A1C66DA-35A1-4FF3-A386-D8A309F6761E}.Release|Any CPU.ActiveCfg = Release|Any CPU
		{2A1C66DA-35A1-4FF3-A386-D8A309F6761E}.Release|Any CPU.Build.0 = Release|Any CPU
		{2A1C66DA-35A1-4FF3-A386-D8A309F6761E}.Release|x64.ActiveCfg = Release|Any CPU
		{2A1C66DA-35A1-4FF3-A386-D8A309F6761E}.Release|x64.Build.0 = Release|Any CPU
		{2A1C66DA-35A1-4FF3-A386-D8A309F6761E}.Release|x86.ActiveCfg = Release|Any CPU
		{2A1C66DA-35A1-4FF3-A386-D8A309F6761E}.Release|x86.Build.0 = Release|Any CPU
		{45CB5F49-54B4-4E1A-B0CD-57A1FCD744E1}.Debug|Any CPU.ActiveCfg = Debug|Any CPU
		{45CB5F49-54B4-4E1A-B0CD-57A1FCD744E1}.Debug|Any CPU.Build.0 = Debug|Any CPU
		{45CB5F49-54B4-4E1A-B0CD-57A1FCD744E1}.Debug|x64.ActiveCfg = Debug|Any CPU
		{45CB5F49-54B4-4E1A-B0CD-57A1FCD744E1}.Debug|x64.Build.0 = Debug|Any CPU
		{45CB5F49-54B4-4E1A-B0CD-57A1FCD744E1}.Debug|x86.ActiveCfg = Debug|Any CPU
		{45CB5F49-54B4-4E1A-B0CD-57A1FCD744E1}.Debug|x86.Build.0 = Debug|Any CPU
		{45CB5F49-54B4-4E1A-B0CD-57A1FCD744E1}.Release|Any CPU.ActiveCfg = Release|Any CPU
		{45CB5F49-54B4-4E1A-B0CD-57A1FCD744E1}.Release|Any CPU.Build.0 = Release|Any CPU
		{45CB5F49-54B4-4E1A-B0CD-57A1FCD744E1}.Release|x64.ActiveCfg = Release|Any CPU
		{45CB5F49-54B4-4E1A-B0CD-57A1FCD744E1}.Release|x64.Build.0 = Release|Any CPU
		{45CB5F49-54B4-4E1A-B0CD-57A1FCD744E1}.Release|x86.ActiveCfg = Release|Any CPU
		{45CB5F49-54B4-4E1A-B0CD-57A1FCD744E1}.Release|x86.Build.0 = Release|Any CPU
		{D35DB74F-4C04-46DC-8E3A-EFBCF42121D6}.Debug|Any CPU.ActiveCfg = Debug|Any CPU
		{D35DB74F-4C04-46DC-8E3A-EFBCF42121D6}.Debug|Any CPU.Build.0 = Debug|Any CPU
		{D35DB74F-4C04-46DC-8E3A-EFBCF42121D6}.Debug|x64.ActiveCfg = Debug|Any CPU
		{D35DB74F-4C04-46DC-8E3A-EFBCF42121D6}.Debug|x64.Build.0 = Debug|Any CPU
		{D35DB74F-4C04-46DC-8E3A-EFBCF42121D6}.Debug|x86.ActiveCfg = Debug|Any CPU
		{D35DB74F-4C04-46DC-8E3A-EFBCF42121D6}.Debug|x86.Build.0 = Debug|Any CPU
		{D35DB74F-4C04-46DC-8E3A-EFBCF42121D6}.Release|Any CPU.ActiveCfg = Release|Any CPU
		{D35DB74F-4C04-46DC-8E3A-EFBCF42121D6}.Release|Any CPU.Build.0 = Release|Any CPU
		{D35DB74F-4C04-46DC-8E3A-EFBCF42121D6}.Release|x64.ActiveCfg = Release|Any CPU
		{D35DB74F-4C04-46DC-8E3A-EFBCF42121D6}.Release|x64.Build.0 = Release|Any CPU
		{D35DB74F-4C04-46DC-8E3A-EFBCF42121D6}.Release|x86.ActiveCfg = Release|Any CPU
		{D35DB74F-4C04-46DC-8E3A-EFBCF42121D6}.Release|x86.Build.0 = Release|Any CPU
		{89BD10C2-13E5-47C4-90D5-D48C8FE20114}.Debug|Any CPU.ActiveCfg = Debug|Any CPU
		{89BD10C2-13E5-47C4-90D5-D48C8FE20114}.Debug|Any CPU.Build.0 = Debug|Any CPU
		{89BD10C2-13E5-47C4-90D5-D48C8FE20114}.Debug|x64.ActiveCfg = Debug|Any CPU
		{89BD10C2-13E5-47C4-90D5-D48C8FE20114}.Debug|x64.Build.0 = Debug|Any CPU
		{89BD10C2-13E5-47C4-90D5-D48C8FE20114}.Debug|x86.ActiveCfg = Debug|Any CPU
		{89BD10C2-13E5-47C4-90D5-D48C8FE20114}.Debug|x86.Build.0 = Debug|Any CPU
		{89BD10C2-13E5-47C4-90D5-D48C8FE20114}.Release|Any CPU.ActiveCfg = Release|Any CPU
		{89BD10C2-13E5-47C4-90D5-D48C8FE20114}.Release|Any CPU.Build.0 = Release|Any CPU
		{89BD10C2-13E5-47C4-90D5-D48C8FE20114}.Release|x64.ActiveCfg = Release|Any CPU
		{89BD10C2-13E5-47C4-90D5-D48C8FE20114}.Release|x64.Build.0 = Release|Any CPU
		{89BD10C2-13E5-47C4-90D5-D48C8FE20114}.Release|x86.ActiveCfg = Release|Any CPU
		{89BD10C2-13E5-47C4-90D5-D48C8FE20114}.Release|x86.Build.0 = Release|Any CPU
	EndGlobalSection
	GlobalSection(SolutionProperties) = preSolution
		HideSolutionNode = FALSE
	EndGlobalSection
	GlobalSection(NestedProjects) = preSolution
		{9CEDCF56-A7B6-4D20-9D1E-900AB7C56968} = {6425AC08-57C0-4453-A78A-537E9514CE7B}
		{0D47BBFB-35A8-4EE9-9D46-84A73BDF2C7E} = {760C5E9A-630B-4C50-B08B-04B74C02E631}
		{B3B027A0-8911-4EBC-AEBC-85420F7E5F34} = {6425AC08-57C0-4453-A78A-537E9514CE7B}
		{3E05CC19-276A-4813-96BA-C13A70DBCCE8} = {AAC9998B-F9AF-4096-92CB-81914E85BE56}
		{92C4D8A8-9406-4E16-9C7B-B2F097AAE585} = {AAC9998B-F9AF-4096-92CB-81914E85BE56}
		{197DEECA-6BD6-49FB-BA0B-B19A172819A4} = {92C4D8A8-9406-4E16-9C7B-B2F097AAE585}
		{6FFF1C5B-597D-4E65-A90C-074CC44F70C3} = {AAC9998B-F9AF-4096-92CB-81914E85BE56}
		{BDCCEC47-6541-497D-8160-681E06E9F696} = {AAC9998B-F9AF-4096-92CB-81914E85BE56}
		{FF5B3B72-C0ED-4128-9294-E77A9953637A} = {AAC9998B-F9AF-4096-92CB-81914E85BE56}
		{73D36E56-44DA-40D6-9A88-F6DC342EDEF8} = {E1F51D46-DB3D-4E9E-BF40-9DA215001E71}
		{D8E411EC-80C1-4A13-B48D-33237E0B84DF} = {73D36E56-44DA-40D6-9A88-F6DC342EDEF8}
		{09D0AF36-09AB-418D-BBA2-3915AE853BD7} = {AAC9998B-F9AF-4096-92CB-81914E85BE56}
		{0646CEFE-3B71-42AE-AA86-25F2AF980300} = {AAC9998B-F9AF-4096-92CB-81914E85BE56}
		{EA45C409-74C2-4C95-9F98-EDF3F66213A1} = {AAC9998B-F9AF-4096-92CB-81914E85BE56}
		{B624670F-36F9-4647-B607-2450B696860F} = {AAC9998B-F9AF-4096-92CB-81914E85BE56}
		{92D317C2-8730-4295-9B18-4C6D52603C24} = {AAC9998B-F9AF-4096-92CB-81914E85BE56}
		{1A34DB62-2B58-4AB6-96BD-37B0A8DCB2DE} = {AAC9998B-F9AF-4096-92CB-81914E85BE56}
		{3D4515E9-5055-4D5C-9287-1BEB921705AD} = {AAC9998B-F9AF-4096-92CB-81914E85BE56}
		{FA89866E-ADF1-4336-9632-821A69EA52C9} = {AAC9998B-F9AF-4096-92CB-81914E85BE56}
		{7EB2F9C9-8B94-438F-9721-6176A03F087E} = {73D36E56-44DA-40D6-9A88-F6DC342EDEF8}
		{C6137D34-5716-4900-8C0F-7F96CDE51C68} = {AAC9998B-F9AF-4096-92CB-81914E85BE56}
		{5EDE63DC-9910-4AD5-864D-9A002FD7B7C3} = {AAC9998B-F9AF-4096-92CB-81914E85BE56}
		{65511D18-D7B4-4D84-A8B9-63599A60D76E} = {AAC9998B-F9AF-4096-92CB-81914E85BE56}
		{8CB77FE4-B08B-4F2A-82D8-DC575F1F7824} = {AAC9998B-F9AF-4096-92CB-81914E85BE56}
		{913FDC5E-59AA-40C7-A4A5-3E50B9BAC2A9} = {AAC9998B-F9AF-4096-92CB-81914E85BE56}
		{C05680A3-6B66-44CC-922D-752028760299} = {AAC9998B-F9AF-4096-92CB-81914E85BE56}
		{5EC4829F-BD80-4D88-8E26-FEC67D99E767} = {E1F51D46-DB3D-4E9E-BF40-9DA215001E71}
		{07B66E35-C220-46AA-A168-B1E8C1B75AAA} = {E1F51D46-DB3D-4E9E-BF40-9DA215001E71}
		{59EDC85C-A9E3-49EC-866F-44B95E3C8FDA} = {07B66E35-C220-46AA-A168-B1E8C1B75AAA}
		{5B09D453-C349-4BDE-89B6-0172E3FDEDA1} = {07B66E35-C220-46AA-A168-B1E8C1B75AAA}
		{2A1C66DA-35A1-4FF3-A386-D8A309F6761E} = {07B66E35-C220-46AA-A168-B1E8C1B75AAA}
		{45CB5F49-54B4-4E1A-B0CD-57A1FCD744E1} = {07B66E35-C220-46AA-A168-B1E8C1B75AAA}
		{D35DB74F-4C04-46DC-8E3A-EFBCF42121D6} = {07B66E35-C220-46AA-A168-B1E8C1B75AAA}
		{89BD10C2-13E5-47C4-90D5-D48C8FE20114} = {AAC9998B-F9AF-4096-92CB-81914E85BE56}
	EndGlobalSection
	GlobalSection(ExtensibilityGlobals) = postSolution
		SolutionGuid = {DC32F906-1354-428B-BD36-FC718248DAFB}
	EndGlobalSection
EndGlobal
